
Microsoft Visual Studio Solution File, Format Version 12.00
# Visual Studio 15
VisualStudioVersion = 15.0.27130.2010
MinimumVisualStudioVersion = 10.0.40219.1
Project("{FAE04EC0-301F-11D3-BF4B-00C04F79EFBC}") = "SCDemo FaceRec Web", "SCDemo FaceRec Web\SCDemo FaceRec Web.csproj", "{FE0E5635-0936-45F2-9B01-D63141B7B183}"
EndProject
Global
	GlobalSection(SolutionConfigurationPlatforms) = preSolution
		Debug|Any CPU = Debug|Any CPU
		Release|Any CPU = Release|Any CPU
	EndGlobalSection
	GlobalSection(ProjectConfigurationPlatforms) = postSolution
		{FE0E5635-0936-45F2-9B01-D63141B7B183}.Debug|Any CPU.ActiveCfg = Debug|Any CPU
		{FE0E5635-0936-45F2-9B01-D63141B7B183}.Debug|Any CPU.Build.0 = Debug|Any CPU
		{FE0E5635-0936-45F2-9B01-D63141B7B183}.Release|Any CPU.ActiveCfg = Release|Any CPU
		{FE0E5635-0936-45F2-9B01-D63141B7B183}.Release|Any CPU.Build.0 = Release|Any CPU
	EndGlobalSection
	GlobalSection(SolutionProperties) = preSolution
		HideSolutionNode = FALSE
	EndGlobalSection
	GlobalSection(ExtensibilityGlobals) = postSolution
		SolutionGuid = {BA2E7BA6-3BCC-4716-8498-E3E8D828F6B8}
	EndGlobalSection
EndGlobal
